
Microsoft Visual Studio Solution File, Format Version 12.00
# Visual Studio Version 17
VisualStudioVersion = 17.14.36616.10 d17.14
MinimumVisualStudioVersion = 10.0.40219.1
Project("{FAE04EC0-301F-11D3-BF4B-00C04F79EFBC}") = "Vispro", "Vispro\Vispro.csproj", "{4C8B7A79-8DBB-45D3-B5CD-201DA67E73B3}"
EndProject
Global
	GlobalSection(SolutionConfigurationPlatforms) = preSolution
		Debug|Any CPU = Debug|Any CPU
		Release|Any CPU = Release|Any CPU
	EndGlobalSection
	GlobalSection(ProjectConfigurationPlatforms) = postSolution
		{4C8B7A79-8DBB-45D3-B5CD-201DA67E73B3}.Debug|Any CPU.ActiveCfg = Debug|Any CPU
		{4C8B7A79-8DBB-45D3-B5CD-201DA67E73B3}.Debug|Any CPU.Build.0 = Debug|Any CPU
		{4C8B7A79-8DBB-45D3-B5CD-201DA67E73B3}.Release|Any CPU.ActiveCfg = Release|Any CPU
		{4C8B7A79-8DBB-45D3-B5CD-201DA67E73B3}.Release|Any CPU.Build.0 = Release|Any CPU
	EndGlobalSection
	GlobalSection(SolutionProperties) = preSolution
		HideSolutionNode = FALSE
	EndGlobalSection
	GlobalSection(ExtensibilityGlobals) = postSolution
		SolutionGuid = {7235C0AD-2BB6-49AA-8071-1EFEEA287AF5}
	EndGlobalSection
EndGlobal
